
Microsoft Visual Studio Solution File, Format Version 12.00
# Visual Studio Version 17
VisualStudioVersion = 17.6.33829.357
MinimumVisualStudioVersion = 10.0.40219.1
Project("{FAE04EC0-301F-11D3-BF4B-00C04F79EFBC}") = "Truck Visit Management", "Truck Visit Management\Truck Visit Management.csproj", "{2451428D-871C-45D8-A452-8F1ABA1AC9FA}"
EndProject
Global
	GlobalSection(SolutionConfigurationPlatforms) = preSolution
		Debug|Any CPU = Debug|Any CPU
		Release|Any CPU = Release|Any CPU
	EndGlobalSection
	GlobalSection(ProjectConfigurationPlatforms) = postSolution
		{2451428D-871C-45D8-A452-8F1ABA1AC9FA}.Debug|Any CPU.ActiveCfg = Debug|Any CPU
		{2451428D-871C-45D8-A452-8F1ABA1AC9FA}.Debug|Any CPU.Build.0 = Debug|Any CPU
		{2451428D-871C-45D8-A452-8F1ABA1AC9FA}.Release|Any CPU.ActiveCfg = Release|Any CPU
		{2451428D-871C-45D8-A452-8F1ABA1AC9FA}.Release|Any CPU.Build.0 = Release|Any CPU
	EndGlobalSection
	GlobalSection(SolutionProperties) = preSolution
		HideSolutionNode = FALSE
	EndGlobalSection
	GlobalSection(ExtensibilityGlobals) = postSolution
		SolutionGuid = {63AF87B3-995D-4E8B-95E4-D6362184848F}
	EndGlobalSection
EndGlobal
